// !$*UTF8*$!
{
	archiveVersion = 1;
	classes = {
	};
	objectVersion = 56;
	objects = {

/* Begin PBXBuildFile section */
		6302FD842AC32BC100D8D792 /* CaesarCipherApp_03App.swift in Sources */ = {isa = PBXBuildFile; fileRef = 6302FD832AC32BC100D8D792 /* CaesarCipherApp_03App.swift */; };
		6302FD882AC32BC200D8D792 /* Assets.xcassets in Resources */ = {isa = PBXBuildFile; fileRef = 6302FD872AC32BC200D8D792 /* Assets.xcassets */; };
		6302FD8B2AC32BC200D8D792 /* Preview Assets.xcassets in Resources */ = {isa = PBXBuildFile; fileRef = 6302FD8A2AC32BC200D8D792 /* Preview Assets.xcassets */; };
		6302FD942AC32BF900D8D792 /* Ciephers.swift in Sources */ = {isa = PBXBuildFile; fileRef = 6302FD922AC32BF900D8D792 /* Ciephers.swift */; };
		6302FD9D2AC32C0000D8D792 /* LoadTxtFile.swift in Sources */ = {isa = PBXBuildFile; fileRef = 6302FD972AC32C0000D8D792 /* LoadTxtFile.swift */; };
		6302FD9E2AC32C0000D8D792 /* MultilineTextField.swift in Sources */ = {isa = PBXBuildFile; fileRef = 6302FD982AC32C0000D8D792 /* MultilineTextField.swift */; };
		6302FD9F2AC32C0000D8D792 /* SecondView.swift in Sources */ = {isa = PBXBuildFile; fileRef = 6302FD992AC32C0000D8D792 /* SecondView.swift */; };
		6302FDA02AC32C0000D8D792 /* FirstView.swift in Sources */ = {isa = PBXBuildFile; fileRef = 6302FD9A2AC32C0000D8D792 /* FirstView.swift */; };
		6302FDA12AC32C0000D8D792 /* ThirdView.swift in Sources */ = {isa = PBXBuildFile; fileRef = 6302FD9B2AC32C0000D8D792 /* ThirdView.swift */; };
		6302FDA22AC32C0000D8D792 /* MainView.swift in Sources */ = {isa = PBXBuildFile; fileRef = 6302FD9C2AC32C0000D8D792 /* MainView.swift */; };
		6302FDA62AC32C0500D8D792 /* SecondViewModel.swift in Sources */ = {isa = PBXBuildFile; fileRef = 6302FDA42AC32C0500D8D792 /* SecondViewModel.swift */; };
		6302FDA72AC32C0500D8D792 /* FirstViewModel.swift in Sources */ = {isa = PBXBuildFile; fileRef = 6302FDA52AC32C0500D8D792 /* FirstViewModel.swift */; };
		6302FDAA2AC32C5200D8D792 /* BigNumber in Frameworks */ = {isa = PBXBuildFile; productRef = 6302FDA92AC32C5200D8D792 /* BigNumber */; };
		6302FDAC2AC32CAD00D8D792 /* ThirdViewModel.swift in Sources */ = {isa = PBXBuildFile; fileRef = 6302FDAB2AC32CAD00D8D792 /* ThirdViewModel.swift */; };
		63B4ECC72AC9E43F0030C54D /* CreateTextFile.swift in Sources */ = {isa = PBXBuildFile; fileRef = 63B4ECC62AC9E43F0030C54D /* CreateTextFile.swift */; };
/* End PBXBuildFile section */

/* Begin PBXFileReference section */
		6302FD802AC32BC100D8D792 /* CaesarCipherApp_03.app */ = {isa = PBXFileReference; explicitFileType = wrapper.application; includeInIndex = 0; path = CaesarCipherApp_03.app; sourceTree = BUILT_PRODUCTS_DIR; };
		6302FD832AC32BC100D8D792 /* CaesarCipherApp_03App.swift */ = {isa = PBXFileReference; lastKnownFileType = sourcecode.swift; path = CaesarCipherApp_03App.swift; sourceTree = "<group>"; };
		6302FD872AC32BC200D8D792 /* Assets.xcassets */ = {isa = PBXFileReference; lastKnownFileType = folder.assetcatalog; path = Assets.xcassets; sourceTree = "<group>"; };
		6302FD8A2AC32BC200D8D792 /* Preview Assets.xcassets */ = {isa = PBXFileReference; lastKnownFileType = folder.assetcatalog; path = "Preview Assets.xcassets"; sourceTree = "<group>"; };
		6302FD922AC32BF900D8D792 /* Ciephers.swift */ = {isa = PBXFileReference; fileEncoding = 4; lastKnownFileType = sourcecode.swift; path = Ciephers.swift; sourceTree = "<group>"; };
		6302FD972AC32C0000D8D792 /* LoadTxtFile.swift */ = {isa = PBXFileReference; fileEncoding = 4; lastKnownFileType = sourcecode.swift; path = LoadTxtFile.swift; sourceTree = "<group>"; };
		6302FD982AC32C0000D8D792 /* MultilineTextField.swift */ = {isa = PBXFileReference; fileEncoding = 4; lastKnownFileType = sourcecode.swift; path = MultilineTextField.swift; sourceTree = "<group>"; };
		6302FD992AC32C0000D8D792 /* SecondView.swift */ = {isa = PBXFileReference; fileEncoding = 4; lastKnownFileType = sourcecode.swift; path = SecondView.swift; sourceTree = "<group>"; };
		6302FD9A2AC32C0000D8D792 /* FirstView.swift */ = {isa = PBXFileReference; fileEncoding = 4; lastKnownFileType = sourcecode.swift; path = FirstView.swift; sourceTree = "<group>"; };
		6302FD9B2AC32C0000D8D792 /* ThirdView.swift */ = {isa = PBXFileReference; fileEncoding = 4; lastKnownFileType = sourcecode.swift; path = ThirdView.swift; sourceTree = "<group>"; };
		6302FD9C2AC32C0000D8D792 /* MainView.swift */ = {isa = PBXFileReference; fileEncoding = 4; lastKnownFileType = sourcecode.swift; path = MainView.swift; sourceTree = "<group>"; };
		6302FDA42AC32C0500D8D792 /* SecondViewModel.swift */ = {isa = PBXFileReference; fileEncoding = 4; lastKnownFileType = sourcecode.swift; path = SecondViewModel.swift; sourceTree = "<group>"; };
		6302FDA52AC32C0500D8D792 /* FirstViewModel.swift */ = {isa = PBXFileReference; fileEncoding = 4; lastKnownFileType = sourcecode.swift; path = FirstViewModel.swift; sourceTree = "<group>"; };
		6302FDAB2AC32CAD00D8D792 /* ThirdViewModel.swift */ = {isa = PBXFileReference; fileEncoding = 4; lastKnownFileType = sourcecode.swift; path = ThirdViewModel.swift; sourceTree = "<group>"; };
		63B4ECC62AC9E43F0030C54D /* CreateTextFile.swift */ = {isa = PBXFileReference; lastKnownFileType = sourcecode.swift; path = CreateTextFile.swift; sourceTree = "<group>"; };
/* End PBXFileReference section */

/* Begin PBXFrameworksBuildPhase section */
		6302FD7D2AC32BC100D8D792 /* Frameworks */ = {
			isa = PBXFrameworksBuildPhase;
			buildActionMask = 2147483647;
			files = (
				6302FDAA2AC32C5200D8D792 /* BigNumber in Frameworks */,
			);
			runOnlyForDeploymentPostprocessing = 0;
		};
/* End PBXFrameworksBuildPhase section */

/* Begin PBXGroup section */
		6302FD772AC32BC100D8D792 = {
			isa = PBXGroup;
			children = (
				6302FD822AC32BC100D8D792 /* CaesarCipherApp_03 */,
				6302FD812AC32BC100D8D792 /* Products */,
			);
			sourceTree = "<group>";
		};
		6302FD812AC32BC100D8D792 /* Products */ = {
			isa = PBXGroup;
			children = (
				6302FD802AC32BC100D8D792 /* CaesarCipherApp_03.app */,
			);
			name = Products;
			sourceTree = "<group>";
		};
		6302FD822AC32BC100D8D792 /* CaesarCipherApp_03 */ = {
			isa = PBXGroup;
			children = (
				6302FD832AC32BC100D8D792 /* CaesarCipherApp_03App.swift */,
				6302FDA32AC32C0500D8D792 /* viewModel */,
				6302FD962AC32C0000D8D792 /* view */,
				6302FD912AC32BF900D8D792 /* model */,
				6302FD872AC32BC200D8D792 /* Assets.xcassets */,
				6302FD892AC32BC200D8D792 /* Preview Content */,
			);
			path = CaesarCipherApp_03;
			sourceTree = "<group>";
		};
		6302FD892AC32BC200D8D792 /* Preview Content */ = {
			isa = PBXGroup;
			children = (
				6302FD8A2AC32BC200D8D792 /* Preview Assets.xcassets */,
			);
			path = "Preview Content";
			sourceTree = "<group>";
		};
		6302FD912AC32BF900D8D792 /* model */ = {
			isa = PBXGroup;
			children = (
				6302FD922AC32BF900D8D792 /* Ciephers.swift */,
			);
			path = model;
			sourceTree = "<group>";
		};
		6302FD962AC32C0000D8D792 /* view */ = {
			isa = PBXGroup;
			children = (
				6302FD9C2AC32C0000D8D792 /* MainView.swift */,
				6302FD9A2AC32C0000D8D792 /* FirstView.swift */,
				6302FD992AC32C0000D8D792 /* SecondView.swift */,
				6302FD9B2AC32C0000D8D792 /* ThirdView.swift */,
				6302FD972AC32C0000D8D792 /* LoadTxtFile.swift */,
				63B4ECC62AC9E43F0030C54D /* CreateTextFile.swift */,
				6302FD982AC32C0000D8D792 /* MultilineTextField.swift */,
			);
			path = view;
			sourceTree = "<group>";
		};
		6302FDA32AC32C0500D8D792 /* viewModel */ = {
			isa = PBXGroup;
			children = (
				6302FDA52AC32C0500D8D792 /* FirstViewModel.swift */,
				6302FDA42AC32C0500D8D792 /* SecondViewModel.swift */,
				6302FDAB2AC32CAD00D8D792 /* ThirdViewModel.swift */,
			);
			path = viewModel;
			sourceTree = "<group>";
		};
/* End PBXGroup section */

/* Begin PBXNativeTarget section */
		6302FD7F2AC32BC100D8D792 /* CaesarCipherApp_03 */ = {
			isa = PBXNativeTarget;
			buildConfigurationList = 6302FD8E2AC32BC200D8D792 /* Build configuration list for PBXNativeTarget "CaesarCipherApp_03" */;
			buildPhases = (
				6302FD7C2AC32BC100D8D792 /* Sources */,
				6302FD7D2AC32BC100D8D792 /* Frameworks */,
				6302FD7E2AC32BC100D8D792 /* Resources */,
			);
			buildRules = (
			);
			dependencies = (
			);
			name = CaesarCipherApp_03;
			packageProductDependencies = (
				6302FDA92AC32C5200D8D792 /* BigNumber */,
			);
			productName = CaesarCipherApp_03;
			productReference = 6302FD802AC32BC100D8D792 /* CaesarCipherApp_03.app */;
			productType = "com.apple.product-type.application";
		};
/* End PBXNativeTarget section */

/* Begin PBXProject section */
		6302FD782AC32BC100D8D792 /* Project object */ = {
			isa = PBXProject;
			attributes = {
				BuildIndependentTargetsInParallel = 1;
				LastSwiftUpdateCheck = 1430;
				LastUpgradeCheck = 1500;
				TargetAttributes = {
					6302FD7F2AC32BC100D8D792 = {
						CreatedOnToolsVersion = 14.3.1;
					};
				};
			};
			buildConfigurationList = 6302FD7B2AC32BC100D8D792 /* Build configuration list for PBXProject "CaesarCipherApp_03" */;
			compatibilityVersion = "Xcode 14.0";
			developmentRegion = en;
			hasScannedForEncodings = 0;
			knownRegions = (
				en,
				Base,
			);
			mainGroup = 6302FD772AC32BC100D8D792;
			packageReferences = (
				6302FDA82AC32C5200D8D792 /* XCRemoteSwiftPackageReference "Swift-BigInt" */,
			);
			productRefGroup = 6302FD812AC32BC100D8D792 /* Products */;
			projectDirPath = "";
			projectRoot = "";
			targets = (
				6302FD7F2AC32BC100D8D792 /* CaesarCipherApp_03 */,
			);
		};
/* End PBXProject section */

/* Begin PBXResourcesBuildPhase section */
		6302FD7E2AC32BC100D8D792 /* Resources */ = {
			isa = PBXResourcesBuildPhase;
			buildActionMask = 2147483647;
			files = (
				6302FD8B2AC32BC200D8D792 /* Preview Assets.xcassets in Resources */,
				6302FD882AC32BC200D8D792 /* Assets.xcassets in Resources */,
			);
			runOnlyForDeploymentPostprocessing = 0;
		};
/* End PBXResourcesBuildPhase section */

/* Begin PBXSourcesBuildPhase section */
		6302FD7C2AC32BC100D8D792 /* Sources */ = {
			isa = PBXSourcesBuildPhase;
			buildActionMask = 2147483647;
			files = (
				63B4ECC72AC9E43F0030C54D /* CreateTextFile.swift in Sources */,
				6302FD9F2AC32C0000D8D792 /* SecondView.swift in Sources */,
				6302FDA12AC32C0000D8D792 /* ThirdView.swift in Sources */,
				6302FD9D2AC32C0000D8D792 /* LoadTxtFile.swift in Sources */,
				6302FDA22AC32C0000D8D792 /* MainView.swift in Sources */,
				6302FD942AC32BF900D8D792 /* Ciephers.swift in Sources */,
				6302FD9E2AC32C0000D8D792 /* MultilineTextField.swift in Sources */,
				6302FDAC2AC32CAD00D8D792 /* ThirdViewModel.swift in Sources */,
				6302FDA72AC32C0500D8D792 /* FirstViewModel.swift in Sources */,
				6302FDA62AC32C0500D8D792 /* SecondViewModel.swift in Sources */,
				6302FDA02AC32C0000D8D792 /* FirstView.swift in Sources */,
				6302FD842AC32BC100D8D792 /* CaesarCipherApp_03App.swift in Sources */,
			);
			runOnlyForDeploymentPostprocessing = 0;
		};
/* End PBXSourcesBuildPhase section */

/* Begin XCBuildConfiguration section */
		6302FD8C2AC32BC200D8D792 /* Debug */ = {
			isa = XCBuildConfiguration;
			buildSettings = {
				ALWAYS_SEARCH_USER_PATHS = NO;
				CLANG_ANALYZER_NONNULL = YES;
				CLANG_ANALYZER_NUMBER_OBJECT_CONVERSION = YES_AGGRESSIVE;
				CLANG_CXX_LANGUAGE_STANDARD = "gnu++20";
				CLANG_ENABLE_MODULES = YES;
				CLANG_ENABLE_OBJC_ARC = YES;
				CLANG_ENABLE_OBJC_WEAK = YES;
				CLANG_WARN_BLOCK_CAPTURE_AUTORELEASING = YES;
				CLANG_WARN_BOOL_CONVERSION = YES;
				CLANG_WARN_COMMA = YES;
				CLANG_WARN_CONSTANT_CONVERSION = YES;
				CLANG_WARN_DEPRECATED_OBJC_IMPLEMENTATIONS = YES;
				CLANG_WARN_DIRECT_OBJC_ISA_USAGE = YES_ERROR;
				CLANG_WARN_DOCUMENTATION_COMMENTS = YES;
				CLANG_WARN_EMPTY_BODY = YES;
				CLANG_WARN_ENUM_CONVERSION = YES;
				CLANG_WARN_INFINITE_RECURSION = YES;
				CLANG_WARN_INT_CONVERSION = YES;
				CLANG_WARN_NON_LITERAL_NULL_CONVERSION = YES;
				CLANG_WARN_OBJC_IMPLICIT_RETAIN_SELF = YES;
				CLANG_WARN_OBJC_LITERAL_CONVERSION = YES;
				CLANG_WARN_OBJC_ROOT_CLASS = YES_ERROR;
				CLANG_WARN_QUOTED_INCLUDE_IN_FRAMEWORK_HEADER = YES;
				CLANG_WARN_RANGE_LOOP_ANALYSIS = YES;
				CLANG_WARN_STRICT_PROTOTYPES = YES;
				CLANG_WARN_SUSPICIOUS_MOVE = YES;
				CLANG_WARN_UNGUARDED_AVAILABILITY = YES_AGGRESSIVE;
				CLANG_WARN_UNREACHABLE_CODE = YES;
				CLANG_WARN__DUPLICATE_METHOD_MATCH = YES;
				COPY_PHASE_STRIP = NO;
				DEBUG_INFORMATION_FORMAT = dwarf;
				ENABLE_STRICT_OBJC_MSGSEND = YES;
				ENABLE_TESTABILITY = YES;
				ENABLE_USER_SCRIPT_SANDBOXING = YES;
				GCC_C_LANGUAGE_STANDARD = gnu11;
				GCC_DYNAMIC_NO_PIC = NO;
				GCC_NO_COMMON_BLOCKS = YES;
				GCC_OPTIMIZATION_LEVEL = 0;
				GCC_PREPROCESSOR_DEFINITIONS = (
					"DEBUG=1",
					"$(inherited)",
				);
				GCC_WARN_64_TO_32_BIT_CONVERSION = YES;
				GCC_WARN_ABOUT_RETURN_TYPE = YES_ERROR;
				GCC_WARN_UNDECLARED_SELECTOR = YES;
				GCC_WARN_UNINITIALIZED_AUTOS = YES_AGGRESSIVE;
				GCC_WARN_UNUSED_FUNCTION = YES;
				GCC_WARN_UNUSED_VARIABLE = YES;
				IPHONEOS_DEPLOYMENT_TARGET = 16.4;
				MTL_ENABLE_DEBUG_INFO = INCLUDE_SOURCE;
				MTL_FAST_MATH = YES;
				ONLY_ACTIVE_ARCH = YES;
				SDKROOT = iphoneos;
				SWIFT_ACTIVE_COMPILATION_CONDITIONS = DEBUG;
				SWIFT_OPTIMIZATION_LEVEL = "-Onone";
			};
			name = Debug;
		};
		6302FD8D2AC32BC200D8D792 /* Release */ = {
			isa = XCBuildConfiguration;
			buildSettings = {
				ALWAYS_SEARCH_USER_PATHS = NO;
				CLANG_ANALYZER_NONNULL = YES;
				CLANG_ANALYZER_NUMBER_OBJECT_CONVERSION = YES_AGGRESSIVE;
				CLANG_CXX_LANGUAGE_STANDARD = "gnu++20";
				CLANG_ENABLE_MODULES = YES;
				CLANG_ENABLE_OBJC_ARC = YES;
				CLANG_ENABLE_OBJC_WEAK = YES;
				CLANG_WARN_BLOCK_CAPTURE_AUTORELEASING = YES;
				CLANG_WARN_BOOL_CONVERSION = YES;
				CLANG_WARN_COMMA = YES;
				CLANG_WARN_CONSTANT_CONVERSION = YES;
				CLANG_WARN_DEPRECATED_OBJC_IMPLEMENTATIONS = YES;
				CLANG_WARN_DIRECT_OBJC_ISA_USAGE = YES_ERROR;
				CLANG_WARN_DOCUMENTATION_COMMENTS = YES;
				CLANG_WARN_EMPTY_BODY = YES;
				CLANG_WARN_ENUM_CONVERSION = YES;
				CLANG_WARN_INFINITE_RECURSION = YES;
				CLANG_WARN_INT_CONVERSION = YES;
				CLANG_WARN_NON_LITERAL_NULL_CONVERSION = YES;
				CLANG_WARN_OBJC_IMPLICIT_RETAIN_SELF = YES;
				CLANG_WARN_OBJC_LITERAL_CONVERSION = YES;
				CLANG_WARN_OBJC_ROOT_CLASS = YES_ERROR;
				CLANG_WARN_QUOTED_INCLUDE_IN_FRAMEWORK_HEADER = YES;
				CLANG_WARN_RANGE_LOOP_ANALYSIS = YES;
				CLANG_WARN_STRICT_PROTOTYPES = YES;
				CLANG_WARN_SUSPICIOUS_MOVE = YES;
				CLANG_WARN_UNGUARDED_AVAILABILITY = YES_AGGRESSIVE;
				CLANG_WARN_UNREACHABLE_CODE = YES;
				CLANG_WARN__DUPLICATE_METHOD_MATCH = YES;
				COPY_PHASE_STRIP = NO;
				DEBUG_INFORMATION_FORMAT = "dwarf-with-dsym";
				ENABLE_NS_ASSERTIONS = NO;
				ENABLE_STRICT_OBJC_MSGSEND = YES;
				ENABLE_USER_SCRIPT_SANDBOXING = YES;
				GCC_C_LANGUAGE_STANDARD = gnu11;
				GCC_NO_COMMON_BLOCKS = YES;
				GCC_WARN_64_TO_32_BIT_CONVERSION = YES;
				GCC_WARN_ABOUT_RETURN_TYPE = YES_ERROR;
				GCC_WARN_UNDECLARED_SELECTOR = YES;
				GCC_WARN_UNINITIALIZED_AUTOS = YES_AGGRESSIVE;
				GCC_WARN_UNUSED_FUNCTION = YES;
				GCC_WARN_UNUSED_VARIABLE = YES;
				IPHONEOS_DEPLOYMENT_TARGET = 16.4;
				MTL_ENABLE_DEBUG_INFO = NO;
				MTL_FAST_MATH = YES;
				SDKROOT = iphoneos;
				SWIFT_COMPILATION_MODE = wholemodule;
				SWIFT_OPTIMIZATION_LEVEL = "-O";
				VALIDATE_PRODUCT = YES;
			};
			name = Release;
		};
		6302FD8F2AC32BC200D8D792 /* Debug */ = {
			isa = XCBuildConfiguration;
			buildSettings = {
				ASSETCATALOG_COMPILER_APPICON_NAME = AppIcon;
				ASSETCATALOG_COMPILER_GLOBAL_ACCENT_COLOR_NAME = AccentColor;
				CODE_SIGN_STYLE = Automatic;
				CURRENT_PROJECT_VERSION = 1;
				DEVELOPMENT_ASSET_PATHS = "\"CaesarCipherApp_03/Preview Content\"";
				DEVELOPMENT_TEAM = 944K4M9L9M;
				ENABLE_PREVIEWS = YES;
				GENERATE_INFOPLIST_FILE = YES;
				INFOPLIST_KEY_UIApplicationSceneManifest_Generation = YES;
				INFOPLIST_KEY_UIApplicationSupportsIndirectInputEvents = YES;
				INFOPLIST_KEY_UILaunchScreen_Generation = YES;
				INFOPLIST_KEY_UISupportedInterfaceOrientations_iPad = "UIInterfaceOrientationPortrait UIInterfaceOrientationPortraitUpsideDown UIInterfaceOrientationLandscapeLeft UIInterfaceOrientationLandscapeRight";
				INFOPLIST_KEY_UISupportedInterfaceOrientations_iPhone = "UIInterfaceOrientationPortrait UIInterfaceOrientationLandscapeLeft UIInterfaceOrientationLandscapeRight";
				IPHONEOS_DEPLOYMENT_TARGET = 16.5;
				LD_RUNPATH_SEARCH_PATHS = (
					"$(inherited)",
					"@executable_path/Frameworks",
				);
				MARKETING_VERSION = 1.0;
				PRODUCT_BUNDLE_IDENTIFIER = "learnSwiftLeetCode.CaesarCipherApp-03";
				PRODUCT_NAME = "$(TARGET_NAME)";
				SWIFT_EMIT_LOC_STRINGS = YES;
				SWIFT_VERSION = 5.0;
				TARGETED_DEVICE_FAMILY = "1,2";
			};
			name = Debug;
		};
		6302FD902AC32BC200D8D792 /* Release */ = {
			isa = XCBuildConfiguration;
			buildSettings = {
				ASSETCATALOG_COMPILER_APPICON_NAME = AppIcon;
				ASSETCATALOG_COMPILER_GLOBAL_ACCENT_COLOR_NAME = AccentColor;
				CODE_SIGN_STYLE = Automatic;
				CURRENT_PROJECT_VERSION = 1;
				DEVELOPMENT_ASSET_PATHS = "\"CaesarCipherApp_03/Preview Content\"";
				DEVELOPMENT_TEAM = 944K4M9L9M;
				ENABLE_PREVIEWS = YES;
				GENERATE_INFOPLIST_FILE = YES;
				INFOPLIST_KEY_UIApplicationSceneManifest_Generation = YES;
				INFOPLIST_KEY_UIApplicationSupportsIndirectInputEvents = YES;
				INFOPLIST_KEY_UILaunchScreen_Generation = YES;
				INFOPLIST_KEY_UISupportedInterfaceOrientations_iPad = "UIInterfaceOrientationPortrait UIInterfaceOrientationPortraitUpsideDown UIInterfaceOrientationLandscapeLeft UIInterfaceOrientationLandscapeRight";
				INFOPLIST_KEY_UISupportedInterfaceOrientations_iPhone = "UIInterfaceOrientationPortrait UIInterfaceOrientationLandscapeLeft UIInterfaceOrientationLandscapeRight";
				IPHONEOS_DEPLOYMENT_TARGET = 16.5;
				LD_RUNPATH_SEARCH_PATHS = (
					"$(inherited)",
					"@executable_path/Frameworks",
				);
				MARKETING_VERSION = 1.0;
				PRODUCT_BUNDLE_IDENTIFIER = "learnSwiftLeetCode.CaesarCipherApp-03";
				PRODUCT_NAME = "$(TARGET_NAME)";
				SWIFT_EMIT_LOC_STRINGS = YES;
				SWIFT_VERSION = 5.0;
				TARGETED_DEVICE_FAMILY = "1,2";
			};
			name = Release;
		};
/* End XCBuildConfiguration section */

/* Begin XCConfigurationList section */
		6302FD7B2AC32BC100D8D792 /* Build configuration list for PBXProject "CaesarCipherApp_03" */ = {
			isa = XCConfigurationList;
			buildConfigurations = (
				6302FD8C2AC32BC200D8D792 /* Debug */,
				6302FD8D2AC32BC200D8D792 /* Release */,
			);
			defaultConfigurationIsVisible = 0;
			defaultConfigurationName = Release;
		};
		6302FD8E2AC32BC200D8D792 /* Build configuration list for PBXNativeTarget "CaesarCipherApp_03" */ = {
			isa = XCConfigurationList;
			buildConfigurations = (
				6302FD8F2AC32BC200D8D792 /* Debug */,
				6302FD902AC32BC200D8D792 /* Release */,
			);
			defaultConfigurationIsVisible = 0;
			defaultConfigurationName = Release;
		};
/* End XCConfigurationList section */

/* Begin XCRemoteSwiftPackageReference section */
		6302FDA82AC32C5200D8D792 /* XCRemoteSwiftPackageReference "Swift-BigInt" */ = {
			isa = XCRemoteSwiftPackageReference;
			repositoryURL = "https://github.com/mkrd/Swift-BigInt.git";
			requirement = {
				branch = master;
				kind = branch;
			};
		};
/* End XCRemoteSwiftPackageReference section */

/* Begin XCSwiftPackageProductDependency section */
		6302FDA92AC32C5200D8D792 /* BigNumber */ = {
			isa = XCSwiftPackageProductDependency;
			package = 6302FDA82AC32C5200D8D792 /* XCRemoteSwiftPackageReference "Swift-BigInt" */;
			productName = BigNumber;
		};
/* End XCSwiftPackageProductDependency section */
	};
	rootObject = 6302FD782AC32BC100D8D792 /* Project object */;
}
